
Microsoft Visual Studio Solution File, Format Version 12.00
# Visual Studio Version 17
VisualStudioVersion = 17.0.31903.59
MinimumVisualStudioVersion = 10.0.40219.1
Project("{FAE04EC0-301F-11D3-BF4B-00C04F79EFBC}") = "selenium_test", "selenium_test\selenium_test.csproj", "{69421FFC-6EBD-4F4A-9F21-70BA42A45558}"
EndProject
Global
	GlobalSection(SolutionConfigurationPlatforms) = preSolution
		Debug|Any CPU = Debug|Any CPU
		Release|Any CPU = Release|Any CPU
	EndGlobalSection
	GlobalSection(SolutionProperties) = preSolution
		HideSolutionNode = FALSE
	EndGlobalSection
	GlobalSection(ProjectConfigurationPlatforms) = postSolution
		{69421FFC-6EBD-4F4A-9F21-70BA42A45558}.Debug|Any CPU.ActiveCfg = Debug|Any CPU
		{69421FFC-6EBD-4F4A-9F21-70BA42A45558}.Debug|Any CPU.Build.0 = Debug|Any CPU
		{69421FFC-6EBD-4F4A-9F21-70BA42A45558}.Release|Any CPU.ActiveCfg = Release|Any CPU
		{69421FFC-6EBD-4F4A-9F21-70BA42A45558}.Release|Any CPU.Build.0 = Release|Any CPU
	EndGlobalSection
EndGlobal
